
Microsoft Visual Studio Solution File, Format Version 12.00
# Visual Studio Version 17
VisualStudioVersion = 17.13.35825.156
MinimumVisualStudioVersion = 10.0.40219.1
Project("{FAE04EC0-301F-11D3-BF4B-00C04F79EFBC}") = "WebApplication1", "WebApplication1.csproj", "{307931B8-8FF4-4142-A64C-FA5AA871FB06}"
EndProject
Project("{FAE04EC0-301F-11D3-BF4B-00C04F79EFBC}") = "WebApplication-razor", "..\WebApplication-razor\WebApplication-razor.csproj", "{87DE2C78-A5D9-42B0-97F7-A922E66F4759}"
EndProject
Global
	GlobalSection(SolutionConfigurationPlatforms) = preSolution
		Debug|Any CPU = Debug|Any CPU
		Release|Any CPU = Release|Any CPU
	EndGlobalSection
	GlobalSection(ProjectConfigurationPlatforms) = postSolution
		{307931B8-8FF4-4142-A64C-FA5AA871FB06}.Debug|Any CPU.ActiveCfg = Debug|Any CPU
		{307931B8-8FF4-4142-A64C-FA5AA871FB06}.Debug|Any CPU.Build.0 = Debug|Any CPU
		{307931B8-8FF4-4142-A64C-FA5AA871FB06}.Release|Any CPU.ActiveCfg = Release|Any CPU
		{307931B8-8FF4-4142-A64C-FA5AA871FB06}.Release|Any CPU.Build.0 = Release|Any CPU
		{87DE2C78-A5D9-42B0-97F7-A922E66F4759}.Debug|Any CPU.ActiveCfg = Debug|Any CPU
		{87DE2C78-A5D9-42B0-97F7-A922E66F4759}.Debug|Any CPU.Build.0 = Debug|Any CPU
		{87DE2C78-A5D9-42B0-97F7-A922E66F4759}.Release|Any CPU.ActiveCfg = Release|Any CPU
		{87DE2C78-A5D9-42B0-97F7-A922E66F4759}.Release|Any CPU.Build.0 = Release|Any CPU
	EndGlobalSection
	GlobalSection(SolutionProperties) = preSolution
		HideSolutionNode = FALSE
	EndGlobalSection
	GlobalSection(ExtensibilityGlobals) = postSolution
		SolutionGuid = {CFFD4E87-0FC2-4616-9BFA-A8D90CA4EF0B}
	EndGlobalSection
EndGlobal
